
Microsoft Visual Studio Solution File, Format Version 12.00
# Visual Studio Version 17
VisualStudioVersion = 17.2.32519.379
MinimumVisualStudioVersion = 10.0.40219.1
Project("{FAE04EC0-301F-11D3-BF4B-00C04F79EFBC}") = "RFID-Based BFCS", "RFID-Based BFCS\RFID-Based BFCS.csproj", "{0AD68DDB-0078-4691-9479-DA27D9A769FD}"
EndProject
Global
	GlobalSection(SolutionConfigurationPlatforms) = preSolution
		Debug|Any CPU = Debug|Any CPU
		Release|Any CPU = Release|Any CPU
	EndGlobalSection
	GlobalSection(ProjectConfigurationPlatforms) = postSolution
		{0AD68DDB-0078-4691-9479-DA27D9A769FD}.Debug|Any CPU.ActiveCfg = Debug|Any CPU
		{0AD68DDB-0078-4691-9479-DA27D9A769FD}.Debug|Any CPU.Build.0 = Debug|Any CPU
		{0AD68DDB-0078-4691-9479-DA27D9A769FD}.Release|Any CPU.ActiveCfg = Release|Any CPU
		{0AD68DDB-0078-4691-9479-DA27D9A769FD}.Release|Any CPU.Build.0 = Release|Any CPU
	EndGlobalSection
	GlobalSection(SolutionProperties) = preSolution
		HideSolutionNode = FALSE
	EndGlobalSection
	GlobalSection(ExtensibilityGlobals) = postSolution
		SolutionGuid = {C2C4983E-5F22-491E-AEF5-252A76F0EC80}
	EndGlobalSection
EndGlobal
